{
  "name": "Diversion 2k24",
  "lockfileVersion": 3,
  "requires": true,
  "packages": {
    "": {
      "dependencies": {
        "cls": "^0.1.5"
      }
    },
    "node_modules/cls": {
      "version": "0.1.5",
      "resolved": "https://registry.npmjs.org/cls/-/cls-0.1.5.tgz",
      "integrity": "sha512-l5BPpQaNDud5DtmzvPrs6/XmsK0Rsp+xhhNTGLtUPb2x3zrEYOb2alBkVw3YyzKMf3v6py+i9LBE22b2vgGO7Q==",
      "engines": {
        "node": ">= 0.6"
      }
    }
  }
}
